Microsoft Visual Studio Solution File, Format Version 12.00
# Visual Studio 15
VisualStudioVersion = 15.0.28307.572
MinimumVisualStudioVersion = 10.0.40219.1
Project("{FAE04EC0-301F-11D3-BF4B-00C04F79EFBC}") = "Motorapido.Android", "Motorapido.Android\Motorapido.Android.csproj", "{24CE3C36-16B9-426D-AA0C-5961ECF8D88C}"
EndProject
Project("{FAE04EC0-301F-11D3-BF4B-00C04F79EFBC}") = "Motorapido.iOS", "Motorapido.iOS\Motorapido.iOS.csproj", "{35DF627C-8E50-4F5A-97FA-62BF9F04258A}"
EndProject
Project("{D954291E-2A0B-460D-934E-DC6B0785DB48}") = "Motorapido", "Motorapido\Motorapido.shproj", "{A25AE500-944A-462A-9073-A835ABA65951}"
EndProject
Global
	GlobalSection(SharedMSBuildProjectFiles) = preSolution
		Motorapido\Motorapido.projitems*{24ce3c36-16b9-426d-aa0c-5961ecf8d88c}*SharedItemsImports = 4
		Motorapido\Motorapido.projitems*{35df627c-8e50-4f5a-97fa-62bf9f04258a}*SharedItemsImports = 4
		Motorapido\Motorapido.projitems*{a25ae500-944a-462a-9073-a835aba65951}*SharedItemsImports = 13
	EndGlobalSection
	GlobalSection(SolutionConfigurationPlatforms) = preSolution
		Debug|Any CPU = Debug|Any CPU
		Debug|iPhone = Debug|iPhone
		Debug|iPhoneSimulator = Debug|iPhoneSimulator
		Release|Any CPU = Release|Any CPU
		Release|iPhone = Release|iPhone
		Release|iPhoneSimulator = Release|iPhoneSimulator
	EndGlobalSection
	GlobalSection(ProjectConfigurationPlatforms) = postSolution
		{24CE3C36-16B9-426D-AA0C-5961ECF8D88C}.Debug|Any CPU.ActiveCfg = Debug|Any CPU
		{24CE3C36-16B9-426D-AA0C-5961ECF8D88C}.Debug|Any CPU.Build.0 = Debug|Any CPU
		{24CE3C36-16B9-426D-AA0C-5961ECF8D88C}.Debug|Any CPU.Deploy.0 = Debug|Any CPU
		{24CE3C36-16B9-426D-AA0C-5961ECF8D88C}.Debug|iPhone.ActiveCfg = Debug|Any CPU
		{24CE3C36-16B9-426D-AA0C-5961ECF8D88C}.Debug|iPhone.Build.0 = Debug|Any CPU
		{24CE3C36-16B9-426D-AA0C-5961ECF8D88C}.Debug|iPhoneSimulator.ActiveCfg = Debug|Any CPU
		{24CE3C36-16B9-426D-AA0C-5961ECF8D88C}.Debug|iPhoneSimulator.Build.0 = Debug|Any CPU
		{24CE3C36-16B9-426D-AA0C-5961ECF8D88C}.Release|Any CPU.ActiveCfg = Release|Any CPU
		{24CE3C36-16B9-426D-AA0C-5961ECF8D88C}.Release|Any CPU.Build.0 = Release|Any CPU
		{24CE3C36-16B9-426D-AA0C-5961ECF8D88C}.Release|iPhone.ActiveCfg = Release|Any CPU
		{24CE3C36-16B9-426D-AA0C-5961ECF8D88C}.Release|iPhone.Build.0 = Release|Any CPU
		{24CE3C36-16B9-426D-AA0C-5961ECF8D88C}.Release|iPhoneSimulator.ActiveCfg = Release|Any CPU
		{24CE3C36-16B9-426D-AA0C-5961ECF8D88C}.Release|iPhoneSimulator.Build.0 = Release|Any CPU
		{35DF627C-8E50-4F5A-97FA-62BF9F04258A}.Debug|Any CPU.ActiveCfg = Debug|iPhoneSimulator
		{35DF627C-8E50-4F5A-97FA-62BF9F04258A}.Debug|Any CPU.Build.0 = Debug|iPhoneSimulator
		{35DF627C-8E50-4F5A-97FA-62BF9F04258A}.Debug|iPhone.ActiveCfg = Debug|iPhone
		{35DF627C-8E50-4F5A-97FA-62BF9F04258A}.Debug|iPhone.Build.0 = Debug|iPhone
		{35DF627C-8E50-4F5A-97FA-62BF9F04258A}.Debug|iPhoneSimulator.ActiveCfg = Debug|iPhoneSimulator
		{35DF627C-8E50-4F5A-97FA-62BF9F04258A}.Debug|iPhoneSimulator.Build.0 = Debug|iPhoneSimulator
		{35DF627C-8E50-4F5A-97FA-62BF9F04258A}.Release|Any CPU.ActiveCfg = Release|iPhoneSimulator
		{35DF627C-8E50-4F5A-97FA-62BF9F04258A}.Release|Any CPU.Build.0 = Release|iPhoneSimulator
		{35DF627C-8E50-4F5A-97FA-62BF9F04258A}.Release|iPhone.ActiveCfg = Release|iPhone
		{35DF627C-8E50-4F5A-97FA-62BF9F04258A}.Release|iPhone.Build.0 = Release|iPhone
		{35DF627C-8E50-4F5A-97FA-62BF9F04258A}.Release|iPhoneSimulator.ActiveCfg = Release|iPhoneSimulator
		{35DF627C-8E50-4F5A-97FA-62BF9F04258A}.Release|iPhoneSimulator.Build.0 = Release|iPhoneSimulator
	EndGlobalSection
	GlobalSection(SolutionProperties) = preSolution
		HideSolutionNode = FALSE
	EndGlobalSection
	GlobalSection(ExtensibilityGlobals) = postSolution
		SolutionGuid = {B5A722B5-0740-4733-AA2D-A78BA37C2320}
	EndGlobalSection
EndGlobal
